
Microsoft Visual Studio Solution File, Format Version 12.00
# Visual Studio Version 17
VisualStudioVersion = 17.0.31903.59
MinimumVisualStudioVersion = 10.0.40219.1
Project("{FAE04EC0-301F-11D3-BF4B-00C04F79EFBC}") = "GatewayApi", "GatewayApi\GatewayApi.csproj", "{020A38C9-FDA7-4319-823C-1C437DE4DC36}"
EndProject
Project("{FAE04EC0-301F-11D3-BF4B-00C04F79EFBC}") = "AnalyticsApi", "AnalyticsApi\AnalyticsApi.csproj", "{F51135D1-FFDB-4F10-879C-D657F358639B}"
EndProject
Project("{FAE04EC0-301F-11D3-BF4B-00C04F79EFBC}") = "AuthApi", "AuthApi\AuthApi.csproj", "{84D29779-19DE-4773-A73E-B0645D33DB0B}"
EndProject
Global
	GlobalSection(SolutionConfigurationPlatforms) = preSolution
		Debug|Any CPU = Debug|Any CPU
		Debug|x64 = Debug|x64
		Debug|x86 = Debug|x86
		Release|Any CPU = Release|Any CPU
		Release|x64 = Release|x64
		Release|x86 = Release|x86
	EndGlobalSection
	GlobalSection(ProjectConfigurationPlatforms) = postSolution
		{020A38C9-FDA7-4319-823C-1C437DE4DC36}.Debug|Any CPU.ActiveCfg = Debug|Any CPU
		{020A38C9-FDA7-4319-823C-1C437DE4DC36}.Debug|Any CPU.Build.0 = Debug|Any CPU
		{020A38C9-FDA7-4319-823C-1C437DE4DC36}.Debug|x64.ActiveCfg = Debug|Any CPU
		{020A38C9-FDA7-4319-823C-1C437DE4DC36}.Debug|x64.Build.0 = Debug|Any CPU
		{020A38C9-FDA7-4319-823C-1C437DE4DC36}.Debug|x86.ActiveCfg = Debug|Any CPU
		{020A38C9-FDA7-4319-823C-1C437DE4DC36}.Debug|x86.Build.0 = Debug|Any CPU
		{020A38C9-FDA7-4319-823C-1C437DE4DC36}.Release|Any CPU.ActiveCfg = Release|Any CPU
		{020A38C9-FDA7-4319-823C-1C437DE4DC36}.Release|Any CPU.Build.0 = Release|Any CPU
		{020A38C9-FDA7-4319-823C-1C437DE4DC36}.Release|x64.ActiveCfg = Release|Any CPU
		{020A38C9-FDA7-4319-823C-1C437DE4DC36}.Release|x64.Build.0 = Release|Any CPU
		{020A38C9-FDA7-4319-823C-1C437DE4DC36}.Release|x86.ActiveCfg = Release|Any CPU
		{020A38C9-FDA7-4319-823C-1C437DE4DC36}.Release|x86.Build.0 = Release|Any CPU
		{F51135D1-FFDB-4F10-879C-D657F358639B}.Debug|Any CPU.ActiveCfg = Debug|Any CPU
		{F51135D1-FFDB-4F10-879C-D657F358639B}.Debug|Any CPU.Build.0 = Debug|Any CPU
		{F51135D1-FFDB-4F10-879C-D657F358639B}.Debug|x64.ActiveCfg = Debug|Any CPU
		{F51135D1-FFDB-4F10-879C-D657F358639B}.Debug|x64.Build.0 = Debug|Any CPU
		{F51135D1-FFDB-4F10-879C-D657F358639B}.Debug|x86.ActiveCfg = Debug|Any CPU
		{F51135D1-FFDB-4F10-879C-D657F358639B}.Debug|x86.Build.0 = Debug|Any CPU
		{F51135D1-FFDB-4F10-879C-D657F358639B}.Release|Any CPU.ActiveCfg = Release|Any CPU
		{F51135D1-FFDB-4F10-879C-D657F358639B}.Release|Any CPU.Build.0 = Release|Any CPU
		{F51135D1-FFDB-4F10-879C-D657F358639B}.Release|x64.ActiveCfg = Release|Any CPU
		{F51135D1-FFDB-4F10-879C-D657F358639B}.Release|x64.Build.0 = Release|Any CPU
		{F51135D1-FFDB-4F10-879C-D657F358639B}.Release|x86.ActiveCfg = Release|Any CPU
		{F51135D1-FFDB-4F10-879C-D657F358639B}.Release|x86.Build.0 = Release|Any CPU
		{84D29779-19DE-4773-A73E-B0645D33DB0B}.Debug|Any CPU.ActiveCfg = Debug|Any CPU
		{84D29779-19DE-4773-A73E-B0645D33DB0B}.Debug|Any CPU.Build.0 = Debug|Any CPU
		{84D29779-19DE-4773-A73E-B0645D33DB0B}.Debug|x64.ActiveCfg = Debug|Any CPU
		{84D29779-19DE-4773-A73E-B0645D33DB0B}.Debug|x64.Build.0 = Debug|Any CPU
		{84D29779-19DE-4773-A73E-B0645D33DB0B}.Debug|x86.ActiveCfg = Debug|Any CPU
		{84D29779-19DE-4773-A73E-B0645D33DB0B}.Debug|x86.Build.0 = Debug|Any CPU
		{84D29779-19DE-4773-A73E-B0645D33DB0B}.Release|Any CPU.ActiveCfg = Release|Any CPU
		{84D29779-19DE-4773-A73E-B0645D33DB0B}.Release|Any CPU.Build.0 = Release|Any CPU
		{84D29779-19DE-4773-A73E-B0645D33DB0B}.Release|x64.ActiveCfg = Release|Any CPU
		{84D29779-19DE-4773-A73E-B0645D33DB0B}.Release|x64.Build.0 = Release|Any CPU
		{84D29779-19DE-4773-A73E-B0645D33DB0B}.Release|x86.ActiveCfg = Release|Any CPU
		{84D29779-19DE-4773-A73E-B0645D33DB0B}.Release|x86.Build.0 = Release|Any CPU
	EndGlobalSection
	GlobalSection(SolutionProperties) = preSolution
		HideSolutionNode = FALSE
	EndGlobalSection
EndGlobal
